PODS:
  - Flutter (1.0.0)
  - flutter_thermal_printer_plus (0.0.1):
    - Flutter

DEPENDENCIES:
  - Flutter (from `Flutter`)
  - flutter_thermal_printer_plus (from `.symlinks/plugins/flutter_thermal_printer_plus/ios`)

EXTERNAL SOURCES:
  Flutter:
    :path: Flutter
  flutter_thermal_printer_plus:
    :path: ".symlinks/plugins/flutter_thermal_printer_plus/ios"

SPEC CHECKSUMS:
  Flutter: cabc95a1d2626b1b06e7179b784ebcf0c0cde467
  flutter_thermal_printer_plus: 3da7602349798be826404c60d17839b8477ee9f7

PODFILE CHECKSUM: 3c63482e143d1b91d2d2560aee9fb04ecc74ac7e

COCOAPODS: 1.16.2
